
Microsoft Visual Studio Solution File, Format Version 12.00
# Visual Studio Version 16
VisualStudioVersion = 16.0.35229.62
MinimumVisualStudioVersion = 10.0.40219.1
Project("{FAE04EC0-301F-11D3-BF4B-00C04F79EFBC}") = "HW2_sabid", "HW2_sabid.csproj", "{38C284AA-2D38-40FC-B253-A034400FD142}"
EndProject
Global
	GlobalSection(SolutionConfigurationPlatforms) = preSolution
		Debug|Any CPU = Debug|Any CPU
		Release|Any CPU = Release|Any CPU
	EndGlobalSection
	GlobalSection(ProjectConfigurationPlatforms) = postSolution
		{38C284AA-2D38-40FC-B253-A034400FD142}.Debug|Any CPU.ActiveCfg = Debug|Any CPU
		{38C284AA-2D38-40FC-B253-A034400FD142}.Debug|Any CPU.Build.0 = Debug|Any CPU
		{38C284AA-2D38-40FC-B253-A034400FD142}.Release|Any CPU.ActiveCfg = Release|Any CPU
		{38C284AA-2D38-40FC-B253-A034400FD142}.Release|Any CPU.Build.0 = Release|Any CPU
	EndGlobalSection
	GlobalSection(SolutionProperties) = preSolution
		HideSolutionNode = FALSE
	EndGlobalSection
	GlobalSection(ExtensibilityGlobals) = postSolution
		SolutionGuid = {E48B626D-AC53-4E99-8363-762AAB32BEA4}
	EndGlobalSection
EndGlobal
