
Microsoft Visual Studio Solution File, Format Version 12.00
# Visual Studio Version 16
VisualStudioVersion = 16.0.35229.62
MinimumVisualStudioVersion = 10.0.40219.1
Project("{FAE04EC0-301F-11D3-BF4B-00C04F79EFBC}") = "HW1_SABID", "HW1_SABID.csproj", "{2149BB4A-795E-4B2E-8A16-311EB1029D39}"
EndProject
Global
	GlobalSection(SolutionConfigurationPlatforms) = preSolution
		Debug|Any CPU = Debug|Any CPU
		Release|Any CPU = Release|Any CPU
	EndGlobalSection
	GlobalSection(ProjectConfigurationPlatforms) = postSolution
		{2149BB4A-795E-4B2E-8A16-311EB1029D39}.Debug|Any CPU.ActiveCfg = Debug|Any CPU
		{2149BB4A-795E-4B2E-8A16-311EB1029D39}.Debug|Any CPU.Build.0 = Debug|Any CPU
		{2149BB4A-795E-4B2E-8A16-311EB1029D39}.Release|Any CPU.ActiveCfg = Release|Any CPU
		{2149BB4A-795E-4B2E-8A16-311EB1029D39}.Release|Any CPU.Build.0 = Release|Any CPU
	EndGlobalSection
	GlobalSection(SolutionProperties) = preSolution
		HideSolutionNode = FALSE
	EndGlobalSection
	GlobalSection(ExtensibilityGlobals) = postSolution
		SolutionGuid = {3310662C-B088-4DE0-AA3A-F41E5667BEBB}
	EndGlobalSection
EndGlobal
